// !$*UTF8*$!
{
	archiveVersion = 1;
	classes = {
	};
	objectVersion = 55;
	objects = {

/* Begin PBXBuildFile section */
		891751B8285B523B00CE042E /* JoinServerButton.swift in Sources */ = {isa = PBXBuildFile; fileRef = 891751B7285B523B00CE042E /* JoinServerButton.swift */; };
		891751C0285B559A00CE042E /* AuthorText.swift in Sources */ = {isa = PBXBuildFile; fileRef = 891751BF285B559A00CE042E /* AuthorText.swift */; };
		891751C2285B55B300CE042E /* AvatarView.swift in Sources */ = {isa = PBXBuildFile; fileRef = 891751C1285B55B300CE042E /* AvatarView.swift */; };
		891751C4285B55D200CE042E /* GridStack.swift in Sources */ = {isa = PBXBuildFile; fileRef = 891751C3285B55D200CE042E /* GridStack.swift */; };
		891751C6285B55FA00CE042E /* InteractionView.swift in Sources */ = {isa = PBXBuildFile; fileRef = 891751C5285B55FA00CE042E /* InteractionView.swift */; };
		891751C8285B560B00CE042E /* ReplyView.swift in Sources */ = {isa = PBXBuildFile; fileRef = 891751C7285B560B00CE042E /* ReplyView.swift */; };
		891751CE285B5EA600CE042E /* WelcomeMessageView.swift in Sources */ = {isa = PBXBuildFile; fileRef = 891751CA285B5EA600CE042E /* WelcomeMessageView.swift */; };
		891751CF285B5EA600CE042E /* ChannelNameChangeView.swift in Sources */ = {isa = PBXBuildFile; fileRef = 891751CB285B5EA600CE042E /* ChannelNameChangeView.swift */; };
		891751D0285B5EA600CE042E /* RecipientAddView.swift in Sources */ = {isa = PBXBuildFile; fileRef = 891751CC285B5EA600CE042E /* RecipientAddView.swift */; };
		891751D1285B5EA600CE042E /* RecipientRemoveView.swift in Sources */ = {isa = PBXBuildFile; fileRef = 891751CD285B5EA600CE042E /* RecipientRemoveView.swift */; };
		891751D4285B5F4400CE042E /* StickerView.swift in Sources */ = {isa = PBXBuildFile; fileRef = 891751D3285B5F4400CE042E /* StickerView.swift */; };
		891751D6285B60FC00CE042E /* ReactionsGrid.swift in Sources */ = {isa = PBXBuildFile; fileRef = 891751D5285B60FC00CE042E /* ReactionsGrid.swift */; };
		891751D8285B612500CE042E /* MessageCellMenu.swift in Sources */ = {isa = PBXBuildFile; fileRef = 891751D7285B612500CE042E /* MessageCellMenu.swift */; };
		891751DA285B631800CE042E /* MatchesView.swift in Sources */ = {isa = PBXBuildFile; fileRef = 891751D9285B631800CE042E /* MatchesView.swift */; };
		891DEA0E285DE019008E7E1E /* FoumChannelList.swift in Sources */ = {isa = PBXBuildFile; fileRef = 891DEA0D285DE019008E7E1E /* FoumChannelList.swift */; };
		8921DBD0285A75AC00711560 /* SetNicknameView.swift in Sources */ = {isa = PBXBuildFile; fileRef = 8921DBCF285A75AC00711560 /* SetNicknameView.swift */; };
		8921DBD2285A768500711560 /* InviteUpdate.swift in Sources */ = {isa = PBXBuildFile; fileRef = 8921DBD1285A768500711560 /* InviteUpdate.swift */; };
		8921DBD4285A770000711560 /* NewInviteSheet.swift in Sources */ = {isa = PBXBuildFile; fileRef = 8921DBD3285A770000711560 /* NewInviteSheet.swift */; };
		8934607E27B1ACCC00BD681F /* SettingsView.swift in Sources */ = {isa = PBXBuildFile; fileRef = 8934607D27B1ACCC00BD681F /* SettingsView.swift */; };
		897836CD27BBE85A00B86857 /* FolderListView.swift in Sources */ = {isa = PBXBuildFile; fileRef = 897836CC27BBE85A00B86857 /* FolderListView.swift */; };
		897836CF27BBE93B00B86857 /* ServerListView+Init.swift in Sources */ = {isa = PBXBuildFile; fileRef = 897836CE27BBE93B00B86857 /* ServerListView+Init.swift */; };
		8984EECA27B43E4E0025AEC5 /* ChannelView+TextField.swift in Sources */ = {isa = PBXBuildFile; fileRef = 8984EEC927B43E4E0025AEC5 /* ChannelView+TextField.swift */; };
		8984EECC27B43E6D0025AEC5 /* ChatControlsView.swift in Sources */ = {isa = PBXBuildFile; fileRef = 8984EECB27B43E6D0025AEC5 /* ChatControlsView.swift */; };
		8984EECE27B43E830025AEC5 /* ChatControlsViewModel.swift in Sources */ = {isa = PBXBuildFile; fileRef = 8984EECD27B43E830025AEC5 /* ChatControlsViewModel.swift */; };
		8984EED227B4454C0025AEC5 /* AttachmentView.swift in Sources */ = {isa = PBXBuildFile; fileRef = 8984EED127B4454C0025AEC5 /* AttachmentView.swift */; };
		898A2C9E287F0D9D00981C4E /* Globals.swift in Sources */ = {isa = PBXBuildFile; fileRef = 898A2C9D287F0D9D00981C4E /* Globals.swift */; };
		8991164027AFEF3800FFDE93 /* AccordIOSApp.swift in Sources */ = {isa = PBXBuildFile; fileRef = 8991163F27AFEF3800FFDE93 /* AccordIOSApp.swift */; };
		8991164227AFEF3800FFDE93 /* ContentView.swift in Sources */ = {isa = PBXBuildFile; fileRef = 8991164127AFEF3800FFDE93 /* ContentView.swift */; };
		8991164427AFEF3800FFDE93 /* Assets.xcassets in Resources */ = {isa = PBXBuildFile; fileRef = 8991164327AFEF3800FFDE93 /* Assets.xcassets */; };
		8991164727AFEF3800FFDE93 /* Preview Assets.xcassets in Resources */ = {isa = PBXBuildFile; fileRef = 8991164627AFEF3800FFDE93 /* Preview Assets.xcassets */; };
		8997750227F0C6A5006628FA /* MentionsView.swift in Sources */ = {isa = PBXBuildFile; fileRef = 8997750127F0C6A5006628FA /* MentionsView.swift */; };
		89A1FAE027F63B890031ED77 /* ImagePicker.swift in Sources */ = {isa = PBXBuildFile; fileRef = 89A1FADF27F63B890031ED77 /* ImagePicker.swift */; };
		89A54FDA27D93AAA003142A0 /* Collection++.swift in Sources */ = {isa = PBXBuildFile; fileRef = 89A54FD927D93AAA003142A0 /* Collection++.swift */; };
		89A54FDC27D93DB6003142A0 /* Permissions.swift in Sources */ = {isa = PBXBuildFile; fileRef = 89A54FDB27D93DB6003142A0 /* Permissions.swift */; };
		89BA01C3285DE7F600950EAF /* Opcodes.swift in Sources */ = {isa = PBXBuildFile; fileRef = 89BA01C2285DE7F600950EAF /* Opcodes.swift */; };
		89BA01C5285DE81800950EAF /* RTCSocket.swift in Sources */ = {isa = PBXBuildFile; fileRef = 89BA01C4285DE81800950EAF /* RTCSocket.swift */; };
		89BBFC2527E3A1B600B3D122 /* Gateway+VoiceState.swift in Sources */ = {isa = PBXBuildFile; fileRef = 89BBFC2427E3A1B600B3D122 /* Gateway+VoiceState.swift */; };
		89BBFC2727E3A24700B3D122 /* String++.swift in Sources */ = {isa = PBXBuildFile; fileRef = 89BBFC2627E3A24700B3D122 /* String++.swift */; };
		89BBFC2927E3A26B00B3D122 /* Regex.swift in Sources */ = {isa = PBXBuildFile; fileRef = 89BBFC2827E3A26B00B3D122 /* Regex.swift */; };
		89C209AC27DE9DB900A2994E /* PinsView2.swift in Sources */ = {isa = PBXBuildFile; fileRef = 89C209AB27DE9DB900A2994E /* PinsView2.swift */; };
		89D7CBAF27B5801400D4B567 /* GifView.swift in Sources */ = {isa = PBXBuildFile; fileRef = 89D7CBAE27B5801400D4B567 /* GifView.swift */; };
		89D7CBB627B58C1F00D4B567 /* EmotesView.swift in Sources */ = {isa = PBXBuildFile; fileRef = 89D7CBB527B58C1F00D4B567 /* EmotesView.swift */; };
		89D7CBB827B58C3800D4B567 /* EmbedView.swift in Sources */ = {isa = PBXBuildFile; fileRef = 89D7CBB727B58C3800D4B567 /* EmbedView.swift */; };
		89E9FE6227AFF98200861F05 /* AccordAlert.swift in Sources */ = {isa = PBXBuildFile; fileRef = 89E9FE5F27AFF98200861F05 /* AccordAlert.swift */; };
		89E9FE6327AFF98200861F05 /* Constants.swift in Sources */ = {isa = PBXBuildFile; fileRef = 89E9FE6027AFF98200861F05 /* Constants.swift */; };
		89E9FE6427AFF98200861F05 /* LoadingScreenView.swift in Sources */ = {isa = PBXBuildFile; fileRef = 89E9FE6127AFF98200861F05 /* LoadingScreenView.swift */; };
		89E9FE7427AFFAAF00861F05 /* Guild.swift in Sources */ = {isa = PBXBuildFile; fileRef = 89E9FE6727AFFAAF00861F05 /* Guild.swift */; };
		89E9FE7527AFFAAF00861F05 /* Reaction.swift in Sources */ = {isa = PBXBuildFile; fileRef = 89E9FE6827AFFAAF00861F05 /* Reaction.swift */; };
		89E9FE7627AFFAAF00861F05 /* Sticker.swift in Sources */ = {isa = PBXBuildFile; fileRef = 89E9FE6927AFFAAF00861F05 /* Sticker.swift */; };
		89E9FE7727AFFAAF00861F05 /* Channel.swift in Sources */ = {isa = PBXBuildFile; fileRef = 89E9FE6A27AFFAAF00861F05 /* Channel.swift */; };
		89E9FE7827AFFAAF00861F05 /* Attachment.swift in Sources */ = {isa = PBXBuildFile; fileRef = 89E9FE6B27AFFAAF00861F05 /* Attachment.swift */; };
		89E9FE7927AFFAAF00861F05 /* Status.swift in Sources */ = {isa = PBXBuildFile; fileRef = 89E9FE6C27AFFAAF00861F05 /* Status.swift */; };
		89E9FE7A27AFFAAF00861F05 /* User.swift in Sources */ = {isa = PBXBuildFile; fileRef = 89E9FE6D27AFFAAF00861F05 /* User.swift */; };
		89E9FE7B27AFFAAF00861F05 /* Message.swift in Sources */ = {isa = PBXBuildFile; fileRef = 89E9FE6E27AFFAAF00861F05 /* Message.swift */; };
		89E9FE7C27AFFAAF00861F05 /* Roles.swift in Sources */ = {isa = PBXBuildFile; fileRef = 89E9FE6F27AFFAAF00861F05 /* Roles.swift */; };
		89E9FE7D27AFFAAF00861F05 /* Settings.swift in Sources */ = {isa = PBXBuildFile; fileRef = 89E9FE7027AFFAAF00861F05 /* Settings.swift */; };
		89E9FE7E27AFFAAF00861F05 /* Embed.swift in Sources */ = {isa = PBXBuildFile; fileRef = 89E9FE7127AFFAAF00861F05 /* Embed.swift */; };
		89E9FE7F27AFFAAF00861F05 /* ReadState.swift in Sources */ = {isa = PBXBuildFile; fileRef = 89E9FE7227AFFAAF00861F05 /* ReadState.swift */; };
		89E9FE8027AFFAAF00861F05 /* Emote.swift in Sources */ = {isa = PBXBuildFile; fileRef = 89E9FE7327AFFAAF00861F05 /* Emote.swift */; };
		89E9FE8327AFFB8A00861F05 /* SongLink.swift in Sources */ = {isa = PBXBuildFile; fileRef = 89E9FE8227AFFB8A00861F05 /* SongLink.swift */; };
		89E9FE8927AFFBAB00861F05 /* MemberList.swift in Sources */ = {isa = PBXBuildFile; fileRef = 89E9FE8527AFFBAB00861F05 /* MemberList.swift */; };
		89E9FE8A27AFFBAB00861F05 /* Events.swift in Sources */ = {isa = PBXBuildFile; fileRef = 89E9FE8627AFFBAB00861F05 /* Events.swift */; };
		89E9FE8B27AFFBAB00861F05 /* GatewayStructure.swift in Sources */ = {isa = PBXBuildFile; fileRef = 89E9FE8727AFFBAB00861F05 /* GatewayStructure.swift */; };
		89E9FE8C27AFFBAB00861F05 /* LoginPayloads.swift in Sources */ = {isa = PBXBuildFile; fileRef = 89E9FE8827AFFBAB00861F05 /* LoginPayloads.swift */; };
		89E9FE9227AFFBD100861F05 /* Models.swift in Sources */ = {isa = PBXBuildFile; fileRef = 89E9FE8E27AFFBD100861F05 /* Models.swift */; };
		89E9FE9327AFFBD100861F05 /* Engine.swift in Sources */ = {isa = PBXBuildFile; fileRef = 89E9FE8F27AFFBD100861F05 /* Engine.swift */; };
		89E9FE9427AFFBD100861F05 /* Storage.swift in Sources */ = {isa = PBXBuildFile; fileRef = 89E9FE9027AFFBD100861F05 /* Storage.swift */; };
		89E9FE9827AFFC0700861F05 /* MainView.swift in Sources */ = {isa = PBXBuildFile; fileRef = 89E9FE9727AFFC0700861F05 /* MainView.swift */; };
		89E9FEA327AFFC3500861F05 /* Extensions.swift in Sources */ = {isa = PBXBuildFile; fileRef = 89E9FE9B27AFFC3500861F05 /* Extensions.swift */; };
		89E9FEA427AFFC3500861F05 /* Keypath++.swift in Sources */ = {isa = PBXBuildFile; fileRef = 89E9FE9C27AFFC3500861F05 /* Keypath++.swift */; };
		89E9FEA527AFFC3500861F05 /* NSColor++.swift in Sources */ = {isa = PBXBuildFile; fileRef = 89E9FE9D27AFFC3500861F05 /* NSColor++.swift */; };
		89E9FEA627AFFC3500861F05 /* Networking++.swift in Sources */ = {isa = PBXBuildFile; fileRef = 89E9FE9E27AFFC3500861F05 /* Networking++.swift */; };
		89E9FEA727AFFC3500861F05 /* Operators++.swift in Sources */ = {isa = PBXBuildFile; fileRef = 89E9FE9F27AFFC3500861F05 /* Operators++.swift */; };
		89E9FEA827AFFC3500861F05 /* Print++.swift in Sources */ = {isa = PBXBuildFile; fileRef = 89E9FEA027AFFC3500861F05 /* Print++.swift */; };
		89E9FEA927AFFC3500861F05 /* SwiftUI++.swift in Sources */ = {isa = PBXBuildFile; fileRef = 89E9FEA127AFFC3500861F05 /* SwiftUI++.swift */; };
		89E9FEAA27AFFC3500861F05 /* Combine++.swift in Sources */ = {isa = PBXBuildFile; fileRef = 89E9FEA227AFFC3500861F05 /* Combine++.swift */; };
		89E9FEAD27AFFC5800861F05 /* Github.swift in Sources */ = {isa = PBXBuildFile; fileRef = 89E9FEAC27AFFC5800861F05 /* Github.swift */; };
		89E9FEB127AFFC8500861F05 /* UserNotifications.swift in Sources */ = {isa = PBXBuildFile; fileRef = 89E9FEAE27AFFC8500861F05 /* UserNotifications.swift */; };
		89E9FEB227AFFC8500861F05 /* ImageProcessing.swift in Sources */ = {isa = PBXBuildFile; fileRef = 89E9FEAF27AFFC8500861F05 /* ImageProcessing.swift */; };
		89E9FEB327AFFC8500861F05 /* Queues.swift in Sources */ = {isa = PBXBuildFile; fileRef = 89E9FEB027AFFC8500861F05 /* Queues.swift */; };
		89E9FECB27AFFD0700861F05 /* Request.swift in Sources */ = {isa = PBXBuildFile; fileRef = 89E9FEB527AFFD0600861F05 /* Request.swift */; };
		89E9FECC27AFFD0700861F05 /* Keychain.swift in Sources */ = {isa = PBXBuildFile; fileRef = 89E9FEB627AFFD0600861F05 /* Keychain.swift */; };
		89E9FECD27AFFD0700861F05 /* Core.swift in Sources */ = {isa = PBXBuildFile; fileRef = 89E9FEB727AFFD0600861F05 /* Core.swift */; };
		89E9FECE27AFFD0700861F05 /* Socket.swift in Sources */ = {isa = PBXBuildFile; fileRef = 89E9FEB827AFFD0600861F05 /* Socket.swift */; };
		89E9FED527AFFD0700861F05 /* Songlink.swift in Sources */ = {isa = PBXBuildFile; fileRef = 89E9FEBF27AFFD0600861F05 /* Songlink.swift */; };
		89E9FED727AFFD0700861F05 /* MentionProtocol.swift in Sources */ = {isa = PBXBuildFile; fileRef = 89E9FEC127AFFD0600861F05 /* MentionProtocol.swift */; };
		89E9FED827AFFD0700861F05 /* GatewayEvent.swift in Sources */ = {isa = PBXBuildFile; fileRef = 89E9FEC227AFFD0600861F05 /* GatewayEvent.swift */; };
		89E9FEDA27AFFD0700861F05 /* RegisterImages.swift in Sources */ = {isa = PBXBuildFile; fileRef = 89E9FEC427AFFD0600861F05 /* RegisterImages.swift */; };
		89E9FEDB27AFFD0700861F05 /* Gateway.swift in Sources */ = {isa = PBXBuildFile; fileRef = 89E9FEC527AFFD0700861F05 /* Gateway.swift */; };
		89E9FEDC27AFFD0700861F05 /* Gateway+MessageHandle.swift in Sources */ = {isa = PBXBuildFile; fileRef = 89E9FEC627AFFD0700861F05 /* Gateway+MessageHandle.swift */; };
		89E9FEEA27AFFE6800861F05 /* SearchView.swift in Sources */ = {isa = PBXBuildFile; fileRef = 89E9FEE927AFFE6800861F05 /* SearchView.swift */; };
		89E9FEF327AFFE8C00861F05 /* PopoverProfileView.swift in Sources */ = {isa = PBXBuildFile; fileRef = 89E9FEF027AFFE8C00861F05 /* PopoverProfileView.swift */; };
		89E9FEFB27AFFEC800861F05 /* ServerListView+Misc.swift in Sources */ = {isa = PBXBuildFile; fileRef = 89E9FEF527AFFEC800861F05 /* ServerListView+Misc.swift */; };
		89E9FEFC27AFFEC800861F05 /* GuildView.swift in Sources */ = {isa = PBXBuildFile; fileRef = 89E9FEF727AFFEC800861F05 /* GuildView.swift */; };
		89E9FEFD27AFFEC800861F05 /* ServerListView.swift in Sources */ = {isa = PBXBuildFile; fileRef = 89E9FEF827AFFEC800861F05 /* ServerListView.swift */; };
		89E9FEFE27AFFEC800861F05 /* LoginView.swift in Sources */ = {isa = PBXBuildFile; fileRef = 89E9FEF927AFFEC800861F05 /* LoginView.swift */; };
		89E9FEFF27AFFEC800861F05 /* ServerListView+Mentions.swift in Sources */ = {isa = PBXBuildFile; fileRef = 89E9FEFA27AFFEC800861F05 /* ServerListView+Mentions.swift */; };
		89E9FF2227B0064A00861F05 /* ChannelView.swift in Sources */ = {isa = PBXBuildFile; fileRef = 89E9FF1F27B0064A00861F05 /* ChannelView.swift */; };
		89E9FF2327B0064A00861F05 /* MessageCellView.swift in Sources */ = {isa = PBXBuildFile; fileRef = 89E9FF2027B0064A00861F05 /* MessageCellView.swift */; };
		89E9FF2427B0064A00861F05 /* ChannelViewViewModel.swift in Sources */ = {isa = PBXBuildFile; fileRef = 89E9FF2127B0064A00861F05 /* ChannelViewViewModel.swift */; };
		89E9FF2627B014DD00861F05 /* Images.swift in Sources */ = {isa = PBXBuildFile; fileRef = 89E9FF2527B014DD00861F05 /* Images.swift */; };
		89EF263D2837EF4E007A3BEC /* Reachability.swift in Sources */ = {isa = PBXBuildFile; fileRef = 89EF263C2837EF4E007A3BEC /* Reachability.swift */; };
		89EF263F2837FBF9007A3BEC /* ProfileEditingView.swift in Sources */ = {isa = PBXBuildFile; fileRef = 89EF263E2837FBF9007A3BEC /* ProfileEditingView.swift */; };
		89EF26412837FEB6007A3BEC /* JoinServerSheetView.swift in Sources */ = {isa = PBXBuildFile; fileRef = 89EF26402837FEB6007A3BEC /* JoinServerSheetView.swift */; };
		89EF26432838008F007A3BEC /* DMButton.swift in Sources */ = {isa = PBXBuildFile; fileRef = 89EF26422838008F007A3BEC /* DMButton.swift */; };
		89EF26452838011C007A3BEC /* PrivateChannelsView.swift in Sources */ = {isa = PBXBuildFile; fileRef = 89EF26442838011C007A3BEC /* PrivateChannelsView.swift */; };
		89EF264728381464007A3BEC /* PermissionOverwrites.swift in Sources */ = {isa = PBXBuildFile; fileRef = 89EF264628381464007A3BEC /* PermissionOverwrites.swift */; };
		89EFBB192835583100141049 /* ZStream.swift in Sources */ = {isa = PBXBuildFile; fileRef = 89EFBB182835583100141049 /* ZStream.swift */; };
		89EFBB1B2835822D00141049 /* ServerListViewCell.swift in Sources */ = {isa = PBXBuildFile; fileRef = 89EFBB1A2835822D00141049 /* ServerListViewCell.swift */; };
		89F5A57827B3173800385E06 /* GifManager.swift in Sources */ = {isa = PBXBuildFile; fileRef = 89F5A57727B3173800385E06 /* GifManager.swift */; };
		89F5A57A27B3174000385E06 /* AppKitLink.swift in Sources */ = {isa = PBXBuildFile; fileRef = 89F5A57927B3174000385E06 /* AppKitLink.swift */; };
		89F5A57E27B318F500385E06 /* AsyncMarkdown.swift in Sources */ = {isa = PBXBuildFile; fileRef = 89F5A57C27B318F500385E06 /* AsyncMarkdown.swift */; };
		89F5A58727B31A9D00385E06 /* Markdown2.swift in Sources */ = {isa = PBXBuildFile; fileRef = 89F5A58627B31A9D00385E06 /* Markdown2.swift */; };
/* End PBXBuildFile section */

/* Begin PBXFileReference section */
		891751B7285B523B00CE042E /* JoinServerButton.swift */ = {isa = PBXFileReference; lastKnownFileType = sourcecode.swift; path = JoinServerButton.swift; sourceTree = "<group>"; };
		891751BF285B559A00CE042E /* AuthorText.swift */ = {isa = PBXFileReference; lastKnownFileType = sourcecode.swift; path = AuthorText.swift; sourceTree = "<group>"; };
		891751C1285B55B300CE042E /* AvatarView.swift */ = {isa = PBXFileReference; lastKnownFileType = sourcecode.swift; path = AvatarView.swift; sourceTree = "<group>"; };
		891751C3285B55D200CE042E /* GridStack.swift */ = {isa = PBXFileReference; lastKnownFileType = sourcecode.swift; path = GridStack.swift; sourceTree = "<group>"; };
		891751C5285B55FA00CE042E /* InteractionView.swift */ = {isa = PBXFileReference; lastKnownFileType = sourcecode.swift; path = InteractionView.swift; sourceTree = "<group>"; };
		891751C7285B560B00CE042E /* ReplyView.swift */ = {isa = PBXFileReference; lastKnownFileType = sourcecode.swift; path = ReplyView.swift; sourceTree = "<group>"; };
		891751CA285B5EA600CE042E /* WelcomeMessageView.swift */ = {isa = PBXFileReference; fileEncoding = 4; lastKnownFileType = sourcecode.swift; path = WelcomeMessageView.swift; sourceTree = "<group>"; };
		891751CB285B5EA600CE042E /* ChannelNameChangeView.swift */ = {isa = PBXFileReference; fileEncoding = 4; lastKnownFileType = sourcecode.swift; path = ChannelNameChangeView.swift; sourceTree = "<group>"; };
		891751CC285B5EA600CE042E /* RecipientAddView.swift */ = {isa = PBXFileReference; fileEncoding = 4; lastKnownFileType = sourcecode.swift; path = RecipientAddView.swift; sourceTree = "<group>"; };
		891751CD285B5EA600CE042E /* RecipientRemoveView.swift */ = {isa = PBXFileReference; fileEncoding = 4; lastKnownFileType = sourcecode.swift; path = RecipientRemoveView.swift; sourceTree = "<group>"; };
		891751D3285B5F4400CE042E /* StickerView.swift */ = {isa = PBXFileReference; lastKnownFileType = sourcecode.swift; path = StickerView.swift; sourceTree = "<group>"; };
		891751D5285B60FC00CE042E /* ReactionsGrid.swift */ = {isa = PBXFileReference; lastKnownFileType = sourcecode.swift; path = ReactionsGrid.swift; sourceTree = "<group>"; };
		891751D7285B612500CE042E /* MessageCellMenu.swift */ = {isa = PBXFileReference; lastKnownFileType = sourcecode.swift; path = MessageCellMenu.swift; sourceTree = "<group>"; };
		891751D9285B631800CE042E /* MatchesView.swift */ = {isa = PBXFileReference; lastKnownFileType = sourcecode.swift; path = MatchesView.swift; sourceTree = "<group>"; };
		891DEA0D285DE019008E7E1E /* FoumChannelList.swift */ = {isa = PBXFileReference; lastKnownFileType = sourcecode.swift; path = FoumChannelList.swift; sourceTree = "<group>"; };
		8921DBCF285A75AC00711560 /* SetNicknameView.swift */ = {isa = PBXFileReference; lastKnownFileType = sourcecode.swift; path = SetNicknameView.swift; sourceTree = "<group>"; };
		8921DBD1285A768500711560 /* InviteUpdate.swift */ = {isa = PBXFileReference; lastKnownFileType = sourcecode.swift; path = InviteUpdate.swift; sourceTree = "<group>"; };
		8921DBD3285A770000711560 /* NewInviteSheet.swift */ = {isa = PBXFileReference; lastKnownFileType = sourcecode.swift; path = NewInviteSheet.swift; sourceTree = "<group>"; };
		8934607D27B1ACCC00BD681F /* SettingsView.swift */ = {isa = PBXFileReference; fileEncoding = 4; lastKnownFileType = sourcecode.swift; path = SettingsView.swift; sourceTree = "<group>"; };
		897836CC27BBE85A00B86857 /* FolderListView.swift */ = {isa = PBXFileReference; lastKnownFileType = sourcecode.swift; path = FolderListView.swift; sourceTree = "<group>"; };
		897836CE27BBE93B00B86857 /* ServerListView+Init.swift */ = {isa = PBXFileReference; lastKnownFileType = sourcecode.swift; path = "ServerListView+Init.swift"; sourceTree = "<group>"; };
		8984EEC927B43E4E0025AEC5 /* ChannelView+TextField.swift */ = {isa = PBXFileReference; lastKnownFileType = sourcecode.swift; path = "ChannelView+TextField.swift"; sourceTree = "<group>"; };
		8984EECB27B43E6D0025AEC5 /* ChatControlsView.swift */ = {isa = PBXFileReference; lastKnownFileType = sourcecode.swift; path = ChatControlsView.swift; sourceTree = "<group>"; };
		8984EECD27B43E830025AEC5 /* ChatControlsViewModel.swift */ = {isa = PBXFileReference; lastKnownFileType = sourcecode.swift; path = ChatControlsViewModel.swift; sourceTree = "<group>"; };
		8984EED127B4454C0025AEC5 /* AttachmentView.swift */ = {isa = PBXFileReference; lastKnownFileType = sourcecode.swift; path = AttachmentView.swift; sourceTree = "<group>"; };
		898A2C9D287F0D9D00981C4E /* Globals.swift */ = {isa = PBXFileReference; lastKnownFileType = sourcecode.swift; path = Globals.swift; sourceTree = "<group>"; };
		8991163C27AFEF3800FFDE93 /* AccordIOS.app */ = {isa = PBXFileReference; explicitFileType = wrapper.application; includeInIndex = 0; path = AccordIOS.app; sourceTree = BUILT_PRODUCTS_DIR; };
		8991163F27AFEF3800FFDE93 /* AccordIOSApp.swift */ = {isa = PBXFileReference; lastKnownFileType = sourcecode.swift; path = AccordIOSApp.swift; sourceTree = "<group>"; };
		8991164127AFEF3800FFDE93 /* ContentView.swift */ = {isa = PBXFileReference; lastKnownFileType = sourcecode.swift; path = ContentView.swift; sourceTree = "<group>"; };
		8991164327AFEF3800FFDE93 /* Assets.xcassets */ = {isa = PBXFileReference; lastKnownFileType = folder.assetcatalog; path = Assets.xcassets; sourceTree = "<group>"; };
		8991164627AFEF3800FFDE93 /* Preview Assets.xcassets */ = {isa = PBXFileReference; lastKnownFileType = folder.assetcatalog; path = "Preview Assets.xcassets"; sourceTree = "<group>"; };
		8997750127F0C6A5006628FA /* MentionsView.swift */ = {isa = PBXFileReference; lastKnownFileType = sourcecode.swift; path = MentionsView.swift; sourceTree = "<group>"; };
		89A1FADF27F63B890031ED77 /* ImagePicker.swift */ = {isa = PBXFileReference; lastKnownFileType = sourcecode.swift; path = ImagePicker.swift; sourceTree = "<group>"; };
		89A54FD927D93AAA003142A0 /* Collection++.swift */ = {isa = PBXFileReference; lastKnownFileType = sourcecode.swift; path = "Collection++.swift"; sourceTree = "<group>"; };
		89A54FDB27D93DB6003142A0 /* Permissions.swift */ = {isa = PBXFileReference; lastKnownFileType = sourcecode.swift; path = Permissions.swift; sourceTree = "<group>"; };
		89BA01C2285DE7F600950EAF /* Opcodes.swift */ = {isa = PBXFileReference; lastKnownFileType = sourcecode.swift; path = Opcodes.swift; sourceTree = "<group>"; };
		89BA01C4285DE81800950EAF /* RTCSocket.swift */ = {isa = PBXFileReference; lastKnownFileType = sourcecode.swift; path = RTCSocket.swift; sourceTree = "<group>"; };
		89BBFC2427E3A1B600B3D122 /* Gateway+VoiceState.swift */ = {isa = PBXFileReference; lastKnownFileType = sourcecode.swift; path = "Gateway+VoiceState.swift"; sourceTree = "<group>"; };
		89BBFC2627E3A24700B3D122 /* String++.swift */ = {isa = PBXFileReference; lastKnownFileType = sourcecode.swift; path = "String++.swift"; sourceTree = "<group>"; };
		89BBFC2827E3A26B00B3D122 /* Regex.swift */ = {isa = PBXFileReference; lastKnownFileType = sourcecode.swift; path = Regex.swift; sourceTree = "<group>"; };
		89BEB1D827B04BD30097A2AF /* AccordIOS.entitlements */ = {isa = PBXFileReference; lastKnownFileType = text.plist.entitlements; path = AccordIOS.entitlements; sourceTree = "<group>"; };
		89C209AB27DE9DB900A2994E /* PinsView2.swift */ = {isa = PBXFileReference; lastKnownFileType = sourcecode.swift; path = PinsView2.swift; sourceTree = "<group>"; };
		89D7CBAE27B5801400D4B567 /* GifView.swift */ = {isa = PBXFileReference; lastKnownFileType = sourcecode.swift; path = GifView.swift; sourceTree = "<group>"; };
		89D7CBB527B58C1F00D4B567 /* EmotesView.swift */ = {isa = PBXFileReference; lastKnownFileType = sourcecode.swift; path = EmotesView.swift; sourceTree = "<group>"; };
		89D7CBB727B58C3800D4B567 /* EmbedView.swift */ = {isa = PBXFileReference; lastKnownFileType = sourcecode.swift; path = EmbedView.swift; sourceTree = "<group>"; };
		89E9FE5F27AFF98200861F05 /* AccordAlert.swift */ = {isa = PBXFileReference; fileEncoding = 4; lastKnownFileType = sourcecode.swift; path = AccordAlert.swift; sourceTree = "<group>"; };
		89E9FE6027AFF98200861F05 /* Constants.swift */ = {isa = PBXFileReference; fileEncoding = 4; lastKnownFileType = sourcecode.swift; path = Constants.swift; sourceTree = "<group>"; };
		89E9FE6127AFF98200861F05 /* LoadingScreenView.swift */ = {isa = PBXFileReference; fileEncoding = 4; lastKnownFileType = sourcecode.swift; path = LoadingScreenView.swift; sourceTree = "<group>"; };
		89E9FE6727AFFAAF00861F05 /* Guild.swift */ = {isa = PBXFileReference; fileEncoding = 4; lastKnownFileType = sourcecode.swift; path = Guild.swift; sourceTree = "<group>"; };
		89E9FE6827AFFAAF00861F05 /* Reaction.swift */ = {isa = PBXFileReference; fileEncoding = 4; lastKnownFileType = sourcecode.swift; path = Reaction.swift; sourceTree = "<group>"; };
		89E9FE6927AFFAAF00861F05 /* Sticker.swift */ = {isa = PBXFileReference; fileEncoding = 4; lastKnownFileType = sourcecode.swift; path = Sticker.swift; sourceTree = "<group>"; };
		89E9FE6A27AFFAAF00861F05 /* Channel.swift */ = {isa = PBXFileReference; fileEncoding = 4; lastKnownFileType = sourcecode.swift; path = Channel.swift; sourceTree = "<group>"; };
		89E9FE6B27AFFAAF00861F05 /* Attachment.swift */ = {isa = PBXFileReference; fileEncoding = 4; lastKnownFileType = sourcecode.swift; path = Attachment.swift; sourceTree = "<group>"; };
		89E9FE6C27AFFAAF00861F05 /* Status.swift */ = {isa = PBXFileReference; fileEncoding = 4; lastKnownFileType = sourcecode.swift; path = Status.swift; sourceTree = "<group>"; };
		89E9FE6D27AFFAAF00861F05 /* User.swift */ = {isa = PBXFileReference; fileEncoding = 4; lastKnownFileType = sourcecode.swift; path = User.swift; sourceTree = "<group>"; };
		89E9FE6E27AFFAAF00861F05 /* Message.swift */ = {isa = PBXFileReference; fileEncoding = 4; lastKnownFileType = sourcecode.swift; path = Message.swift; sourceTree = "<group>"; };
		89E9FE6F27AFFAAF00861F05 /* Roles.swift */ = {isa = PBXFileReference; fileEncoding = 4; lastKnownFileType = sourcecode.swift; path = Roles.swift; sourceTree = "<group>"; };
		89E9FE7027AFFAAF00861F05 /* Settings.swift */ = {isa = PBXFileReference; fileEncoding = 4; lastKnownFileType = sourcecode.swift; path = Settings.swift; sourceTree = "<group>"; };
		89E9FE7127AFFAAF00861F05 /* Embed.swift */ = {isa = PBXFileReference; fileEncoding = 4; lastKnownFileType = sourcecode.swift; path = Embed.swift; sourceTree = "<group>"; };
		89E9FE7227AFFAAF00861F05 /* ReadState.swift */ = {isa = PBXFileReference; fileEncoding = 4; lastKnownFileType = sourcecode.swift; path = ReadState.swift; sourceTree = "<group>"; };
		89E9FE7327AFFAAF00861F05 /* Emote.swift */ = {isa = PBXFileReference; fileEncoding = 4; lastKnownFileType = sourcecode.swift; path = Emote.swift; sourceTree = "<group>"; };
		89E9FE8227AFFB8A00861F05 /* SongLink.swift */ = {isa = PBXFileReference; fileEncoding = 4; lastKnownFileType = sourcecode.swift; path = SongLink.swift; sourceTree = "<group>"; };
		89E9FE8527AFFBAB00861F05 /* MemberList.swift */ = {isa = PBXFileReference; fileEncoding = 4; lastKnownFileType = sourcecode.swift; path = MemberList.swift; sourceTree = "<group>"; };
		89E9FE8627AFFBAB00861F05 /* Events.swift */ = {isa = PBXFileReference; fileEncoding = 4; lastKnownFileType = sourcecode.swift; path = Events.swift; sourceTree = "<group>"; };
		89E9FE8727AFFBAB00861F05 /* GatewayStructure.swift */ = {isa = PBXFileReference; fileEncoding = 4; lastKnownFileType = sourcecode.swift; path = GatewayStructure.swift; sourceTree = "<group>"; };
		89E9FE8827AFFBAB00861F05 /* LoginPayloads.swift */ = {isa = PBXFileReference; fileEncoding = 4; lastKnownFileType = sourcecode.swift; path = LoginPayloads.swift; sourceTree = "<group>"; };
		89E9FE8E27AFFBD100861F05 /* Models.swift */ = {isa = PBXFileReference; fileEncoding = 4; lastKnownFileType = sourcecode.swift; path = Models.swift; sourceTree = "<group>"; };
		89E9FE8F27AFFBD100861F05 /* Engine.swift */ = {isa = PBXFileReference; fileEncoding = 4; lastKnownFileType = sourcecode.swift; path = Engine.swift; sourceTree = "<group>"; };
		89E9FE9027AFFBD100861F05 /* Storage.swift */ = {isa = PBXFileReference; fileEncoding = 4; lastKnownFileType = sourcecode.swift; path = Storage.swift; sourceTree = "<group>"; };
		89E9FE9727AFFC0700861F05 /* MainView.swift */ = {isa = PBXFileReference; fileEncoding = 4; lastKnownFileType = sourcecode.swift; path = MainView.swift; sourceTree = "<group>"; };
		89E9FE9B27AFFC3500861F05 /* Extensions.swift */ = {isa = PBXFileReference; fileEncoding = 4; lastKnownFileType = sourcecode.swift; path = Extensions.swift; sourceTree = "<group>"; };
		89E9FE9C27AFFC3500861F05 /* Keypath++.swift */ = {isa = PBXFileReference; fileEncoding = 4; lastKnownFileType = sourcecode.swift; path = "Keypath++.swift"; sourceTree = "<group>"; };
		89E9FE9D27AFFC3500861F05 /* NSColor++.swift */ = {isa = PBXFileReference; fileEncoding = 4; lastKnownFileType = sourcecode.swift; path = "NSColor++.swift"; sourceTree = "<group>"; };
		89E9FE9E27AFFC3500861F05 /* Networking++.swift */ = {isa = PBXFileReference; fileEncoding = 4; lastKnownFileType = sourcecode.swift; path = "Networking++.swift"; sourceTree = "<group>"; };
		89E9FE9F27AFFC3500861F05 /* Operators++.swift */ = {isa = PBXFileReference; fileEncoding = 4; lastKnownFileType = sourcecode.swift; path = "Operators++.swift"; sourceTree = "<group>"; };
		89E9FEA027AFFC3500861F05 /* Print++.swift */ = {isa = PBXFileReference; fileEncoding = 4; lastKnownFileType = sourcecode.swift; path = "Print++.swift"; sourceTree = "<group>"; };
		89E9FEA127AFFC3500861F05 /* SwiftUI++.swift */ = {isa = PBXFileReference; fileEncoding = 4; lastKnownFileType = sourcecode.swift; path = "SwiftUI++.swift"; sourceTree = "<group>"; };
		89E9FEA227AFFC3500861F05 /* Combine++.swift */ = {isa = PBXFileReference; fileEncoding = 4; lastKnownFileType = sourcecode.swift; path = "Combine++.swift"; sourceTree = "<group>"; };
		89E9FEAC27AFFC5800861F05 /* Github.swift */ = {isa = PBXFileReference; fileEncoding = 4; lastKnownFileType = sourcecode.swift; path = Github.swift; sourceTree = "<group>"; };
		89E9FEAE27AFFC8500861F05 /* UserNotifications.swift */ = {isa = PBXFileReference; fileEncoding = 4; lastKnownFileType = sourcecode.swift; path = UserNotifications.swift; sourceTree = "<group>"; };
		89E9FEAF27AFFC8500861F05 /* ImageProcessing.swift */ = {isa = PBXFileReference; fileEncoding = 4; lastKnownFileType = sourcecode.swift; path = ImageProcessing.swift; sourceTree = "<group>"; };
		89E9FEB027AFFC8500861F05 /* Queues.swift */ = {isa = PBXFileReference; fileEncoding = 4; lastKnownFileType = sourcecode.swift; path = Queues.swift; sourceTree = "<group>"; };
		89E9FEB527AFFD0600861F05 /* Request.swift */ = {isa = PBXFileReference; fileEncoding = 4; lastKnownFileType = sourcecode.swift; path = Request.swift; sourceTree = "<group>"; };
		89E9FEB627AFFD0600861F05 /* Keychain.swift */ = {isa = PBXFileReference; fileEncoding = 4; lastKnownFileType = sourcecode.swift; path = Keychain.swift; sourceTree = "<group>"; };
		89E9FEB727AFFD0600861F05 /* Core.swift */ = {isa = PBXFileReference; fileEncoding = 4; lastKnownFileType = sourcecode.swift; path = Core.swift; sourceTree = "<group>"; };
		89E9FEB827AFFD0600861F05 /* Socket.swift */ = {isa = PBXFileReference; fileEncoding = 4; lastKnownFileType = sourcecode.swift; path = Socket.swift; sourceTree = "<group>"; };
		89E9FEBF27AFFD0600861F05 /* Songlink.swift */ = {isa = PBXFileReference; fileEncoding = 4; lastKnownFileType = sourcecode.swift; path = Songlink.swift; sourceTree = "<group>"; };
		89E9FEC127AFFD0600861F05 /* MentionProtocol.swift */ = {isa = PBXFileReference; fileEncoding = 4; lastKnownFileType = sourcecode.swift; path = MentionProtocol.swift; sourceTree = "<group>"; };
		89E9FEC227AFFD0600861F05 /* GatewayEvent.swift */ = {isa = PBXFileReference; fileEncoding = 4; lastKnownFileType = sourcecode.swift; path = GatewayEvent.swift; sourceTree = "<group>"; };
		89E9FEC427AFFD0600861F05 /* RegisterImages.swift */ = {isa = PBXFileReference; fileEncoding = 4; lastKnownFileType = sourcecode.swift; path = RegisterImages.swift; sourceTree = "<group>"; };
		89E9FEC527AFFD0700861F05 /* Gateway.swift */ = {isa = PBXFileReference; fileEncoding = 4; lastKnownFileType = sourcecode.swift; path = Gateway.swift; sourceTree = "<group>"; };
		89E9FEC627AFFD0700861F05 /* Gateway+MessageHandle.swift */ = {isa = PBXFileReference; fileEncoding = 4; lastKnownFileType = sourcecode.swift; path = "Gateway+MessageHandle.swift"; sourceTree = "<group>"; };
		89E9FEE927AFFE6800861F05 /* SearchView.swift */ = {isa = PBXFileReference; fileEncoding = 4; lastKnownFileType = sourcecode.swift; path = SearchView.swift; sourceTree = "<group>"; };
		89E9FEF027AFFE8C00861F05 /* PopoverProfileView.swift */ = {isa = PBXFileReference; fileEncoding = 4; lastKnownFileType = sourcecode.swift; path = PopoverProfileView.swift; sourceTree = "<group>"; };
		89E9FEF527AFFEC800861F05 /* ServerListView+Misc.swift */ = {isa = PBXFileReference; fileEncoding = 4; lastKnownFileType = sourcecode.swift; path = "ServerListView+Misc.swift"; sourceTree = "<group>"; };
		89E9FEF727AFFEC800861F05 /* GuildView.swift */ = {isa = PBXFileReference; fileEncoding = 4; lastKnownFileType = sourcecode.swift; path = GuildView.swift; sourceTree = "<group>"; };
		89E9FEF827AFFEC800861F05 /* ServerListView.swift */ = {isa = PBXFileReference; fileEncoding = 4; lastKnownFileType = sourcecode.swift; path = ServerListView.swift; sourceTree = "<group>"; };
		89E9FEF927AFFEC800861F05 /* LoginView.swift */ = {isa = PBXFileReference; fileEncoding = 4; lastKnownFileType = sourcecode.swift; path = LoginView.swift; sourceTree = "<group>"; };
		89E9FEFA27AFFEC800861F05 /* ServerListView+Mentions.swift */ = {isa = PBXFileReference; fileEncoding = 4; lastKnownFileType = sourcecode.swift; path = "ServerListView+Mentions.swift"; sourceTree = "<group>"; };
		89E9FF1F27B0064A00861F05 /* ChannelView.swift */ = {isa = PBXFileReference; fileEncoding = 4; lastKnownFileType = sourcecode.swift; path = ChannelView.swift; sourceTree = "<group>"; };
		89E9FF2027B0064A00861F05 /* MessageCellView.swift */ = {isa = PBXFileReference; fileEncoding = 4; lastKnownFileType = sourcecode.swift; path = MessageCellView.swift; sourceTree = "<group>"; };
		89E9FF2127B0064A00861F05 /* ChannelViewViewModel.swift */ = {isa = PBXFileReference; fileEncoding = 4; lastKnownFileType = sourcecode.swift; path = ChannelViewViewModel.swift; sourceTree = "<group>"; };
		89E9FF2527B014DD00861F05 /* Images.swift */ = {isa = PBXFileReference; fileEncoding = 4; lastKnownFileType = sourcecode.swift; path = Images.swift; sourceTree = "<group>"; };
		89EF263C2837EF4E007A3BEC /* Reachability.swift */ = {isa = PBXFileReference; fileEncoding = 4; lastKnownFileType = sourcecode.swift; path = Reachability.swift; sourceTree = "<group>"; };
		89EF263E2837FBF9007A3BEC /* ProfileEditingView.swift */ = {isa = PBXFileReference; lastKnownFileType = sourcecode.swift; path = ProfileEditingView.swift; sourceTree = "<group>"; };
		89EF26402837FEB6007A3BEC /* JoinServerSheetView.swift */ = {isa = PBXFileReference; lastKnownFileType = sourcecode.swift; path = JoinServerSheetView.swift; sourceTree = "<group>"; };
		89EF26422838008F007A3BEC /* DMButton.swift */ = {isa = PBXFileReference; lastKnownFileType = sourcecode.swift; path = DMButton.swift; sourceTree = "<group>"; };
		89EF26442838011C007A3BEC /* PrivateChannelsView.swift */ = {isa = PBXFileReference; lastKnownFileType = sourcecode.swift; path = PrivateChannelsView.swift; sourceTree = "<group>"; };
		89EF264628381464007A3BEC /* PermissionOverwrites.swift */ = {isa = PBXFileReference; lastKnownFileType = sourcecode.swift; path = PermissionOverwrites.swift; sourceTree = "<group>"; };
		89EFBB182835583100141049 /* ZStream.swift */ = {isa = PBXFileReference; lastKnownFileType = sourcecode.swift; path = ZStream.swift; sourceTree = "<group>"; };
		89EFBB1A2835822D00141049 /* ServerListViewCell.swift */ = {isa = PBXFileReference; lastKnownFileType = sourcecode.swift; path = ServerListViewCell.swift; sourceTree = "<group>"; };
		89F5A57727B3173800385E06 /* GifManager.swift */ = {isa = PBXFileReference; fileEncoding = 4; lastKnownFileType = sourcecode.swift; path = GifManager.swift; sourceTree = "<group>"; };
		89F5A57927B3174000385E06 /* AppKitLink.swift */ = {isa = PBXFileReference; fileEncoding = 4; lastKnownFileType = sourcecode.swift; path = AppKitLink.swift; sourceTree = "<group>"; };
		89F5A57C27B318F500385E06 /* AsyncMarkdown.swift */ = {isa = PBXFileReference; fileEncoding = 4; lastKnownFileType = sourcecode.swift; path = AsyncMarkdown.swift; sourceTree = "<group>"; };
		89F5A58627B31A9D00385E06 /* Markdown2.swift */ = {isa = PBXFileReference; lastKnownFileType = sourcecode.swift; path = Markdown2.swift; sourceTree = "<group>"; };
/* End PBXFileReference section */

/* Begin PBXFrameworksBuildPhase section */
		8991163927AFEF3800FFDE93 /* Frameworks */ = {
			isa = PBXFrameworksBuildPhase;
			buildActionMask = 2147483647;
			files = (
			);
			runOnlyForDeploymentPostprocessing = 0;
		};
/* End PBXFrameworksBuildPhase section */

/* Begin PBXGroup section */
		891751B4285B519000CE042E /* Guild */ = {
			isa = PBXGroup;
			children = (
				8921DBD3285A770000711560 /* NewInviteSheet.swift */,
				89E9FEF727AFFEC800861F05 /* GuildView.swift */,
				89EF26442838011C007A3BEC /* PrivateChannelsView.swift */,
				89EFBB1A2835822D00141049 /* ServerListViewCell.swift */,
			);
			path = Guild;
			sourceTree = "<group>";
		};
		891751B5285B51D600CE042E /* Icons */ = {
			isa = PBXGroup;
			children = (
				89EF26422838008F007A3BEC /* DMButton.swift */,
				897836CC27BBE85A00B86857 /* FolderListView.swift */,
				891751B6285B522D00CE042E /* ServerJoin */,
			);
			path = Icons;
			sourceTree = "<group>";
		};
		891751B6285B522D00CE042E /* ServerJoin */ = {
			isa = PBXGroup;
			children = (
				891751B7285B523B00CE042E /* JoinServerButton.swift */,
				89EF26402837FEB6007A3BEC /* JoinServerSheetView.swift */,
			);
			path = ServerJoin;
			sourceTree = "<group>";
		};
		891751BB285B530900CE042E /* ServerList */ = {
			isa = PBXGroup;
			children = (
				89E9FEF827AFFEC800861F05 /* ServerListView.swift */,
				897836CE27BBE93B00B86857 /* ServerListView+Init.swift */,
				89E9FEFA27AFFEC800861F05 /* ServerListView+Mentions.swift */,
				89E9FEF527AFFEC800861F05 /* ServerListView+Misc.swift */,
				8921DBCF285A75AC00711560 /* SetNicknameView.swift */,
			);
			path = ServerList;
			sourceTree = "<group>";
		};
		891751BC285B534900CE042E /* Login */ = {
			isa = PBXGroup;
			children = (
				89E9FEF927AFFEC800861F05 /* LoginView.swift */,
			);
			path = Login;
			sourceTree = "<group>";
		};
		891751BD285B556D00CE042E /* MessageCell */ = {
			isa = PBXGroup;
			children = (
				89E9FF2027B0064A00861F05 /* MessageCellView.swift */,
				891751BE285B557600CE042E /* Components */,
			);
			path = MessageCell;
			sourceTree = "<group>";
		};
		891751BE285B557600CE042E /* Components */ = {
			isa = PBXGroup;
			children = (
				891751C1285B55B300CE042E /* AvatarView.swift */,
				891751C3285B55D200CE042E /* GridStack.swift */,
				891751BF285B559A00CE042E /* AuthorText.swift */,
				891751D7285B612500CE042E /* MessageCellMenu.swift */,
				891751D5285B60FC00CE042E /* ReactionsGrid.swift */,
				891751D3285B5F4400CE042E /* StickerView.swift */,
				891751C9285B5E7300CE042E /* MessageTypes */,
				891751D2285B5EF100CE042E /* Reference */,
			);
			path = Components;
			sourceTree = "<group>";
		};
		891751C9285B5E7300CE042E /* MessageTypes */ = {
			isa = PBXGroup;
			children = (
				891751CC285B5EA600CE042E /* RecipientAddView.swift */,
				891751CD285B5EA600CE042E /* RecipientRemoveView.swift */,
				891751CB285B5EA600CE042E /* ChannelNameChangeView.swift */,
				891751CA285B5EA600CE042E /* WelcomeMessageView.swift */,
			);
			path = MessageTypes;
			sourceTree = "<group>";
		};
		891751D2285B5EF100CE042E /* Reference */ = {
			isa = PBXGroup;
			children = (
				891751C5285B55FA00CE042E /* InteractionView.swift */,
				891751C7285B560B00CE042E /* ReplyView.swift */,
			);
			path = Reference;
			sourceTree = "<group>";
		};
		891DEA0C285DE002008E7E1E /* Forum */ = {
			isa = PBXGroup;
			children = (
				891DEA0D285DE019008E7E1E /* FoumChannelList.swift */,
			);
			path = Forum;
			sourceTree = "<group>";
		};
		8991163327AFEF3800FFDE93 = {
			isa = PBXGroup;
			children = (
				8991163E27AFEF3800FFDE93 /* AccordIOS */,
				8991163D27AFEF3800FFDE93 /* Products */,
			);
			sourceTree = "<group>";
		};
		8991163D27AFEF3800FFDE93 /* Products */ = {
			isa = PBXGroup;
			children = (
				8991163C27AFEF3800FFDE93 /* AccordIOS.app */,
			);
			name = Products;
			sourceTree = "<group>";
		};
		8991163E27AFEF3800FFDE93 /* AccordIOS */ = {
			isa = PBXGroup;
			children = (
				89BEB1D827B04BD30097A2AF /* AccordIOS.entitlements */,
				8991165B27AFF07500FFDE93 /* App */,
				89E9FE6527AFFA8C00861F05 /* Objects */,
				89E9FE8D27AFFBB900861F05 /* Commands */,
				89E9FE9627AFFBF900861F05 /* Nitroless */,
				89E9FE9927AFFC1500861F05 /* Misc */,
				89E9FEB427AFFCE000861F05 /* Backend */,
				89BBFC2327E3A1A700B3D122 /* Voice */,
				89E9FEE727AFFE3200861F05 /* UI */,
				8991164327AFEF3800FFDE93 /* Assets.xcassets */,
				8991164527AFEF3800FFDE93 /* Preview Content */,
			);
			path = AccordIOS;
			sourceTree = "<group>";
		};
		8991164527AFEF3800FFDE93 /* Preview Content */ = {
			isa = PBXGroup;
			children = (
				8991164627AFEF3800FFDE93 /* Preview Assets.xcassets */,
			);
			path = "Preview Content";
			sourceTree = "<group>";
		};
		8991165B27AFF07500FFDE93 /* App */ = {
			isa = PBXGroup;
			children = (
				8991163F27AFEF3800FFDE93 /* AccordIOSApp.swift */,
				89E9FE6027AFF98200861F05 /* Constants.swift */,
				8991164127AFEF3800FFDE93 /* ContentView.swift */,
				89E9FE6127AFF98200861F05 /* LoadingScreenView.swift */,
				89E9FE5F27AFF98200861F05 /* AccordAlert.swift */,
				898A2C9D287F0D9D00981C4E /* Globals.swift */,
			);
			path = App;
			sourceTree = "<group>";
		};
		89BBFC2327E3A1A700B3D122 /* Voice */ = {
			isa = PBXGroup;
			children = (
				89BBFC2427E3A1B600B3D122 /* Gateway+VoiceState.swift */,
				89BA01C2285DE7F600950EAF /* Opcodes.swift */,
				89BA01C4285DE81800950EAF /* RTCSocket.swift */,
			);
			path = Voice;
			sourceTree = "<group>";
		};
		89D7CBAD27B57FE800D4B567 /* Gifs */ = {
			isa = PBXGroup;
			children = (
				89D7CBAE27B5801400D4B567 /* GifView.swift */,
			);
			path = Gifs;
			sourceTree = "<group>";
		};
		89E9FE6527AFFA8C00861F05 /* Objects */ = {
			isa = PBXGroup;
			children = (
				89E9FE6627AFFA9700861F05 /* DiscordTypes */,
				89E9FE8127AFFB8000861F05 /* Misc */,
				89E9FE8427AFFB9800861F05 /* GatewayPayloads */,
			);
			path = Objects;
			sourceTree = "<group>";
		};
		89E9FE6627AFFA9700861F05 /* DiscordTypes */ = {
			isa = PBXGroup;
			children = (
				89E9FE6B27AFFAAF00861F05 /* Attachment.swift */,
				89E9FE6A27AFFAAF00861F05 /* Channel.swift */,
				89E9FE7127AFFAAF00861F05 /* Embed.swift */,
				89E9FE7327AFFAAF00861F05 /* Emote.swift */,
				89E9FE6727AFFAAF00861F05 /* Guild.swift */,
				89E9FE6E27AFFAAF00861F05 /* Message.swift */,
				89E9FE7227AFFAAF00861F05 /* ReadState.swift */,
				89E9FE6F27AFFAAF00861F05 /* Roles.swift */,
				89E9FE7027AFFAAF00861F05 /* Settings.swift */,
				89E9FE6C27AFFAAF00861F05 /* Status.swift */,
				89E9FE6927AFFAAF00861F05 /* Sticker.swift */,
				89E9FE6D27AFFAAF00861F05 /* User.swift */,
				89E9FE6827AFFAAF00861F05 /* Reaction.swift */,
				89A54FDB27D93DB6003142A0 /* Permissions.swift */,
				89EF264628381464007A3BEC /* PermissionOverwrites.swift */,
				8921DBD1285A768500711560 /* InviteUpdate.swift */,
			);
			path = DiscordTypes;
			sourceTree = "<group>";
		};
		89E9FE8127AFFB8000861F05 /* Misc */ = {
			isa = PBXGroup;
			children = (
				89E9FE8227AFFB8A00861F05 /* SongLink.swift */,
			);
			path = Misc;
			sourceTree = "<group>";
		};
		89E9FE8427AFFB9800861F05 /* GatewayPayloads */ = {
			isa = PBXGroup;
			children = (
				89E9FE8827AFFBAB00861F05 /* LoginPayloads.swift */,
				89E9FE8627AFFBAB00861F05 /* Events.swift */,
				89E9FE8727AFFBAB00861F05 /* GatewayStructure.swift */,
				89E9FE8527AFFBAB00861F05 /* MemberList.swift */,
			);
			path = GatewayPayloads;
			sourceTree = "<group>";
		};
		89E9FE8D27AFFBB900861F05 /* Commands */ = {
			isa = PBXGroup;
			children = (
				89E9FE8E27AFFBD100861F05 /* Models.swift */,
				89E9FE8F27AFFBD100861F05 /* Engine.swift */,
				89E9FE9027AFFBD100861F05 /* Storage.swift */,
			);
			path = Commands;
			sourceTree = "<group>";
		};
		89E9FE9627AFFBF900861F05 /* Nitroless */ = {
			isa = PBXGroup;
			children = (
				89E9FE9727AFFC0700861F05 /* MainView.swift */,
			);
			path = Nitroless;
			sourceTree = "<group>";
		};
		89E9FE9927AFFC1500861F05 /* Misc */ = {
			isa = PBXGroup;
			children = (
				89E9FE9A27AFFC2400861F05 /* PlusPlus */,
				89E9FEAB27AFFC4D00861F05 /* Shapes */,
				89F5A57927B3174000385E06 /* AppKitLink.swift */,
				89E9FEAF27AFFC8500861F05 /* ImageProcessing.swift */,
				89E9FEB627AFFD0600861F05 /* Keychain.swift */,
				89E9FEAE27AFFC8500861F05 /* UserNotifications.swift */,
				89E9FEB027AFFC8500861F05 /* Queues.swift */,
				89BBFC2827E3A26B00B3D122 /* Regex.swift */,
			);
			path = Misc;
			sourceTree = "<group>";
		};
		89E9FE9A27AFFC2400861F05 /* PlusPlus */ = {
			isa = PBXGroup;
			children = (
				89E9FEA227AFFC3500861F05 /* Combine++.swift */,
				89A54FD927D93AAA003142A0 /* Collection++.swift */,
				89E9FE9B27AFFC3500861F05 /* Extensions.swift */,
				89E9FE9C27AFFC3500861F05 /* Keypath++.swift */,
				89E9FE9E27AFFC3500861F05 /* Networking++.swift */,
				89E9FE9D27AFFC3500861F05 /* NSColor++.swift */,
				89E9FE9F27AFFC3500861F05 /* Operators++.swift */,
				89E9FEA027AFFC3500861F05 /* Print++.swift */,
				89E9FEA127AFFC3500861F05 /* SwiftUI++.swift */,
				89BBFC2627E3A24700B3D122 /* String++.swift */,
			);
			path = PlusPlus;
			sourceTree = "<group>";
		};
		89E9FEAB27AFFC4D00861F05 /* Shapes */ = {
			isa = PBXGroup;
			children = (
				89E9FEAC27AFFC5800861F05 /* Github.swift */,
			);
			path = Shapes;
			sourceTree = "<group>";
		};
		89E9FEB427AFFCE000861F05 /* Backend */ = {
			isa = PBXGroup;
			children = (
				89EF263B2837EF4E007A3BEC /* Reachability */,
				89E9FEE127AFFD3B00861F05 /* Gateway */,
				89F5A57B27B318F500385E06 /* Markdown */,
				89E9FEE627AFFDEC00861F05 /* Media */,
				89E9FEE527AFFDB500861F05 /* Networking */,
			);
			path = Backend;
			sourceTree = "<group>";
		};
		89E9FEE127AFFD3B00861F05 /* Gateway */ = {
			isa = PBXGroup;
			children = (
				89E9FEC527AFFD0700861F05 /* Gateway.swift */,
				89E9FEC627AFFD0700861F05 /* Gateway+MessageHandle.swift */,
				89E9FEB827AFFD0600861F05 /* Socket.swift */,
				89E9FEC227AFFD0600861F05 /* GatewayEvent.swift */,
				89EFBB182835583100141049 /* ZStream.swift */,
			);
			path = Gateway;
			sourceTree = "<group>";
		};
		89E9FEE527AFFDB500861F05 /* Networking */ = {
			isa = PBXGroup;
			children = (
				89E9FEB727AFFD0600861F05 /* Core.swift */,
				89E9FEC127AFFD0600861F05 /* MentionProtocol.swift */,
				89E9FEB527AFFD0600861F05 /* Request.swift */,
				89E9FEBF27AFFD0600861F05 /* Songlink.swift */,
			);
			path = Networking;
			sourceTree = "<group>";
		};
		89E9FEE627AFFDEC00861F05 /* Media */ = {
			isa = PBXGroup;
			children = (
				89F5A57727B3173800385E06 /* GifManager.swift */,
				89E9FF2527B014DD00861F05 /* Images.swift */,
				89E9FEC427AFFD0600861F05 /* RegisterImages.swift */,
			);
			path = Media;
			sourceTree = "<group>";
		};
		89E9FEE727AFFE3200861F05 /* UI */ = {
			isa = PBXGroup;
			children = (
				891DEA0C285DE002008E7E1E /* Forum */,
				891751BC285B534900CE042E /* Login */,
				89E9FEE827AFFE6100861F05 /* Search */,
				89D7CBAD27B57FE800D4B567 /* Gifs */,
				89E9FEEE27AFFE7900861F05 /* Profiles */,
				89E9FEF427AFFEBA00861F05 /* Base */,
				89E9FF0227B0051700861F05 /* Chat */,
			);
			path = UI;
			sourceTree = "<group>";
		};
		89E9FEE827AFFE6100861F05 /* Search */ = {
			isa = PBXGroup;
			children = (
				89E9FEE927AFFE6800861F05 /* SearchView.swift */,
			);
			path = Search;
			sourceTree = "<group>";
		};
		89E9FEEE27AFFE7900861F05 /* Profiles */ = {
			isa = PBXGroup;
			children = (
				8934607D27B1ACCC00BD681F /* SettingsView.swift */,
				89E9FEF027AFFE8C00861F05 /* PopoverProfileView.swift */,
				89EF263E2837FBF9007A3BEC /* ProfileEditingView.swift */,
			);
			path = Profiles;
			sourceTree = "<group>";
		};
		89E9FEF427AFFEBA00861F05 /* Base */ = {
			isa = PBXGroup;
			children = (
				891751BB285B530900CE042E /* ServerList */,
				891751B5285B51D600CE042E /* Icons */,
				891751B4285B519000CE042E /* Guild */,
			);
			path = Base;
			sourceTree = "<group>";
		};
		89E9FF0227B0051700861F05 /* Chat */ = {
			isa = PBXGroup;
			children = (
				89E9FF0327B0058000861F05 /* TextFields */,
				89E9FF0427B0058A00861F05 /* Accessories */,
				89E9FF0527B0059700861F05 /* ChannelView */,
			);
			path = Chat;
			sourceTree = "<group>";
		};
		89E9FF0327B0058000861F05 /* TextFields */ = {
			isa = PBXGroup;
			children = (
				8984EEC927B43E4E0025AEC5 /* ChannelView+TextField.swift */,
				8984EECB27B43E6D0025AEC5 /* ChatControlsView.swift */,
				8984EECD27B43E830025AEC5 /* ChatControlsViewModel.swift */,
				891751D9285B631800CE042E /* MatchesView.swift */,
			);
			path = TextFields;
			sourceTree = "<group>";
		};
		89E9FF0427B0058A00861F05 /* Accessories */ = {
			isa = PBXGroup;
			children = (
				8984EED127B4454C0025AEC5 /* AttachmentView.swift */,
				89D7CBB727B58C3800D4B567 /* EmbedView.swift */,
				89D7CBB527B58C1F00D4B567 /* EmotesView.swift */,
				89C209AB27DE9DB900A2994E /* PinsView2.swift */,
				8997750127F0C6A5006628FA /* MentionsView.swift */,
				89A1FADF27F63B890031ED77 /* ImagePicker.swift */,
			);
			path = Accessories;
			sourceTree = "<group>";
		};
		89E9FF0527B0059700861F05 /* ChannelView */ = {
			isa = PBXGroup;
			children = (
				89E9FF1F27B0064A00861F05 /* ChannelView.swift */,
				89E9FF2127B0064A00861F05 /* ChannelViewViewModel.swift */,
				891751BD285B556D00CE042E /* MessageCell */,
			);
			path = ChannelView;
			sourceTree = "<group>";
		};
		89EF263B2837EF4E007A3BEC /* Reachability */ = {
			isa = PBXGroup;
			children = (
				89EF263C2837EF4E007A3BEC /* Reachability.swift */,
			);
			path = Reachability;
			sourceTree = "<group>";
		};
		89F5A57B27B318F500385E06 /* Markdown */ = {
			isa = PBXGroup;
			children = (
				89F5A57C27B318F500385E06 /* AsyncMarkdown.swift */,
				89F5A58627B31A9D00385E06 /* Markdown2.swift */,
			);
			path = Markdown;
			sourceTree = "<group>";
		};
/* End PBXGroup section */

/* Begin PBXNativeTarget section */
		8991163B27AFEF3800FFDE93 /* AccordIOS */ = {
			isa = PBXNativeTarget;
			buildConfigurationList = 8991164A27AFEF3800FFDE93 /* Build configuration list for PBXNativeTarget "AccordIOS" */;
			buildPhases = (
				8991163827AFEF3800FFDE93 /* Sources */,
				8991163927AFEF3800FFDE93 /* Frameworks */,
				8991163A27AFEF3800FFDE93 /* Resources */,
			);
			buildRules = (
			);
			dependencies = (
			);
			name = AccordIOS;
			productName = AccordIOS;
			productReference = 8991163C27AFEF3800FFDE93 /* AccordIOS.app */;
			productType = "com.apple.product-type.application";
		};
/* End PBXNativeTarget section */

/* Begin PBXProject section */
		8991163427AFEF3800FFDE93 /* Project object */ = {
			isa = PBXProject;
			attributes = {
				BuildIndependentTargetsInParallel = 1;
				LastSwiftUpdateCheck = 1320;
				LastUpgradeCheck = 1320;
				TargetAttributes = {
					8991163B27AFEF3800FFDE93 = {
						CreatedOnToolsVersion = 13.2.1;
					};
				};
			};
			buildConfigurationList = 8991163727AFEF3800FFDE93 /* Build configuration list for PBXProject "AccordIOS" */;
			compatibilityVersion = "Xcode 13.0";
			developmentRegion = en;
			hasScannedForEncodings = 0;
			knownRegions = (
				en,
				Base,
			);
			mainGroup = 8991163327AFEF3800FFDE93;
			productRefGroup = 8991163D27AFEF3800FFDE93 /* Products */;
			projectDirPath = "";
			projectRoot = "";
			targets = (
				8991163B27AFEF3800FFDE93 /* AccordIOS */,
			);
		};
/* End PBXProject section */

/* Begin PBXResourcesBuildPhase section */
		8991163A27AFEF3800FFDE93 /* Resources */ = {
			isa = PBXResourcesBuildPhase;
			buildActionMask = 2147483647;
			files = (
				8991164727AFEF3800FFDE93 /* Preview Assets.xcassets in Resources */,
				8991164427AFEF3800FFDE93 /* Assets.xcassets in Resources */,
			);
			runOnlyForDeploymentPostprocessing = 0;
		};
/* End PBXResourcesBuildPhase section */

/* Begin PBXSourcesBuildPhase section */
		8991163827AFEF3800FFDE93 /* Sources */ = {
			isa = PBXSourcesBuildPhase;
			buildActionMask = 2147483647;
			files = (
				89E9FEF327AFFE8C00861F05 /* PopoverProfileView.swift in Sources */,
				89C209AC27DE9DB900A2994E /* PinsView2.swift in Sources */,
				891751CF285B5EA600CE042E /* ChannelNameChangeView.swift in Sources */,
				8921DBD0285A75AC00711560 /* SetNicknameView.swift in Sources */,
				89EFBB192835583100141049 /* ZStream.swift in Sources */,
				89E9FEA427AFFC3500861F05 /* Keypath++.swift in Sources */,
				89E9FE6227AFF98200861F05 /* AccordAlert.swift in Sources */,
				89E9FEA527AFFC3500861F05 /* NSColor++.swift in Sources */,
				89E9FE9827AFFC0700861F05 /* MainView.swift in Sources */,
				8991164227AFEF3800FFDE93 /* ContentView.swift in Sources */,
				89EF264728381464007A3BEC /* PermissionOverwrites.swift in Sources */,
				89E9FEFC27AFFEC800861F05 /* GuildView.swift in Sources */,
				89D7CBAF27B5801400D4B567 /* GifView.swift in Sources */,
				89E9FEAA27AFFC3500861F05 /* Combine++.swift in Sources */,
				89E9FF2327B0064A00861F05 /* MessageCellView.swift in Sources */,
				8997750227F0C6A5006628FA /* MentionsView.swift in Sources */,
				897836CD27BBE85A00B86857 /* FolderListView.swift in Sources */,
				89E9FEFE27AFFEC800861F05 /* LoginView.swift in Sources */,
				891751C6285B55FA00CE042E /* InteractionView.swift in Sources */,
				89EF26412837FEB6007A3BEC /* JoinServerSheetView.swift in Sources */,
				89E9FEDC27AFFD0700861F05 /* Gateway+MessageHandle.swift in Sources */,
				89E9FE7527AFFAAF00861F05 /* Reaction.swift in Sources */,
				89E9FED527AFFD0700861F05 /* Songlink.swift in Sources */,
				8984EECE27B43E830025AEC5 /* ChatControlsViewModel.swift in Sources */,
				89E9FEFD27AFFEC800861F05 /* ServerListView.swift in Sources */,
				89E9FEB327AFFC8500861F05 /* Queues.swift in Sources */,
				89E9FEEA27AFFE6800861F05 /* SearchView.swift in Sources */,
				89E9FECB27AFFD0700861F05 /* Request.swift in Sources */,
				89EF263D2837EF4E007A3BEC /* Reachability.swift in Sources */,
				891751C8285B560B00CE042E /* ReplyView.swift in Sources */,
				8934607E27B1ACCC00BD681F /* SettingsView.swift in Sources */,
				89E9FEDA27AFFD0700861F05 /* RegisterImages.swift in Sources */,
				89E9FE9227AFFBD100861F05 /* Models.swift in Sources */,
				89E9FE7E27AFFAAF00861F05 /* Embed.swift in Sources */,
				891751D8285B612500CE042E /* MessageCellMenu.swift in Sources */,
				89E9FE8B27AFFBAB00861F05 /* GatewayStructure.swift in Sources */,
				89E9FEA327AFFC3500861F05 /* Extensions.swift in Sources */,
				897836CF27BBE93B00B86857 /* ServerListView+Init.swift in Sources */,
				8991164027AFEF3800FFDE93 /* AccordIOSApp.swift in Sources */,
				89E9FEA827AFFC3500861F05 /* Print++.swift in Sources */,
				891751C4285B55D200CE042E /* GridStack.swift in Sources */,
				89EFBB1B2835822D00141049 /* ServerListViewCell.swift in Sources */,
				891751C2285B55B300CE042E /* AvatarView.swift in Sources */,
				89BA01C3285DE7F600950EAF /* Opcodes.swift in Sources */,
				89E9FF2627B014DD00861F05 /* Images.swift in Sources */,
				89E9FEA627AFFC3500861F05 /* Networking++.swift in Sources */,
				891751CE285B5EA600CE042E /* WelcomeMessageView.swift in Sources */,
				8984EECA27B43E4E0025AEC5 /* ChannelView+TextField.swift in Sources */,
				89E9FED727AFFD0700861F05 /* MentionProtocol.swift in Sources */,
				89E9FE7927AFFAAF00861F05 /* Status.swift in Sources */,
				89BA01C5285DE81800950EAF /* RTCSocket.swift in Sources */,
				89E9FEFF27AFFEC800861F05 /* ServerListView+Mentions.swift in Sources */,
				89E9FED827AFFD0700861F05 /* GatewayEvent.swift in Sources */,
				89A54FDA27D93AAA003142A0 /* Collection++.swift in Sources */,
				89EF26452838011C007A3BEC /* PrivateChannelsView.swift in Sources */,
				89E9FEAD27AFFC5800861F05 /* Github.swift in Sources */,
				891751D4285B5F4400CE042E /* StickerView.swift in Sources */,
				89E9FE7827AFFAAF00861F05 /* Attachment.swift in Sources */,
				89E9FE6427AFF98200861F05 /* LoadingScreenView.swift in Sources */,
				89EF26432838008F007A3BEC /* DMButton.swift in Sources */,
				89A54FDC27D93DB6003142A0 /* Permissions.swift in Sources */,
				89E9FEFB27AFFEC800861F05 /* ServerListView+Misc.swift in Sources */,
				89E9FE8027AFFAAF00861F05 /* Emote.swift in Sources */,
				89E9FE7627AFFAAF00861F05 /* Sticker.swift in Sources */,
				891751D1285B5EA600CE042E /* RecipientRemoveView.swift in Sources */,
				89E9FEA927AFFC3500861F05 /* SwiftUI++.swift in Sources */,
				8921DBD2285A768500711560 /* InviteUpdate.swift in Sources */,
				89E9FF2227B0064A00861F05 /* ChannelView.swift in Sources */,
				89E9FE7A27AFFAAF00861F05 /* User.swift in Sources */,
				8921DBD4285A770000711560 /* NewInviteSheet.swift in Sources */,
				891DEA0E285DE019008E7E1E /* FoumChannelList.swift in Sources */,
				89D7CBB827B58C3800D4B567 /* EmbedView.swift in Sources */,
				89E9FE8927AFFBAB00861F05 /* MemberList.swift in Sources */,
				89E9FE7D27AFFAAF00861F05 /* Settings.swift in Sources */,
				89D7CBB627B58C1F00D4B567 /* EmotesView.swift in Sources */,
				891751C0285B559A00CE042E /* AuthorText.swift in Sources */,
				89E9FE7B27AFFAAF00861F05 /* Message.swift in Sources */,
				89F5A57827B3173800385E06 /* GifManager.swift in Sources */,
				891751D0285B5EA600CE042E /* RecipientAddView.swift in Sources */,
				89BBFC2527E3A1B600B3D122 /* Gateway+VoiceState.swift in Sources */,
				891751D6285B60FC00CE042E /* ReactionsGrid.swift in Sources */,
				89F5A58727B31A9D00385E06 /* Markdown2.swift in Sources */,
				89E9FECE27AFFD0700861F05 /* Socket.swift in Sources */,
				8984EECC27B43E6D0025AEC5 /* ChatControlsView.swift in Sources */,
				89E9FE6327AFF98200861F05 /* Constants.swift in Sources */,
				89E9FE8327AFFB8A00861F05 /* SongLink.swift in Sources */,
				89E9FE7C27AFFAAF00861F05 /* Roles.swift in Sources */,
				89E9FE7727AFFAAF00861F05 /* Channel.swift in Sources */,
				89E9FE8C27AFFBAB00861F05 /* LoginPayloads.swift in Sources */,
				89E9FE8A27AFFBAB00861F05 /* Events.swift in Sources */,
				8984EED227B4454C0025AEC5 /* AttachmentView.swift in Sources */,
				89E9FEB227AFFC8500861F05 /* ImageProcessing.swift in Sources */,
				89E9FE7F27AFFAAF00861F05 /* ReadState.swift in Sources */,
				89F5A57A27B3174000385E06 /* AppKitLink.swift in Sources */,
				891751DA285B631800CE042E /* MatchesView.swift in Sources */,
				89E9FEDB27AFFD0700861F05 /* Gateway.swift in Sources */,
				891751B8285B523B00CE042E /* JoinServerButton.swift in Sources */,
				89A1FAE027F63B890031ED77 /* ImagePicker.swift in Sources */,
				89E9FF2427B0064A00861F05 /* ChannelViewViewModel.swift in Sources */,
				89BBFC2927E3A26B00B3D122 /* Regex.swift in Sources */,
				89F5A57E27B318F500385E06 /* AsyncMarkdown.swift in Sources */,
				89E9FEA727AFFC3500861F05 /* Operators++.swift in Sources */,
				89E9FE7427AFFAAF00861F05 /* Guild.swift in Sources */,
				89E9FEB127AFFC8500861F05 /* UserNotifications.swift in Sources */,
				89BBFC2727E3A24700B3D122 /* String++.swift in Sources */,
				89E9FE9327AFFBD100861F05 /* Engine.swift in Sources */,
				89E9FE9427AFFBD100861F05 /* Storage.swift in Sources */,
				898A2C9E287F0D9D00981C4E /* Globals.swift in Sources */,
				89E9FECD27AFFD0700861F05 /* Core.swift in Sources */,
				89E9FECC27AFFD0700861F05 /* Keychain.swift in Sources */,
				89EF263F2837FBF9007A3BEC /* ProfileEditingView.swift in Sources */,
			);
			runOnlyForDeploymentPostprocessing = 0;
		};
/* End PBXSourcesBuildPhase section */

/* Begin XCBuildConfiguration section */
		8991164827AFEF3800FFDE93 /* Debug */ = {
			isa = XCBuildConfiguration;
			buildSettings = {
				ALWAYS_SEARCH_USER_PATHS = NO;
				CLANG_ANALYZER_NONNULL = YES;
				CLANG_ANALYZER_NUMBER_OBJECT_CONVERSION = YES_AGGRESSIVE;
				CLANG_CXX_LANGUAGE_STANDARD = "gnu++17";
				CLANG_CXX_LIBRARY = "libc++";
				CLANG_ENABLE_MODULES = YES;
				CLANG_ENABLE_OBJC_ARC = YES;
				CLANG_ENABLE_OBJC_WEAK = YES;
				CLANG_WARN_BLOCK_CAPTURE_AUTORELEASING = YES;
				CLANG_WARN_BOOL_CONVERSION = YES;
				CLANG_WARN_COMMA = YES;
				CLANG_WARN_CONSTANT_CONVERSION = YES;
				CLANG_WARN_DEPRECATED_OBJC_IMPLEMENTATIONS = YES;
				CLANG_WARN_DIRECT_OBJC_ISA_USAGE = YES_ERROR;
				CLANG_WARN_DOCUMENTATION_COMMENTS = YES;
				CLANG_WARN_EMPTY_BODY = YES;
				CLANG_WARN_ENUM_CONVERSION = YES;
				CLANG_WARN_INFINITE_RECURSION = YES;
				CLANG_WARN_INT_CONVERSION = YES;
				CLANG_WARN_NON_LITERAL_NULL_CONVERSION = YES;
				CLANG_WARN_OBJC_IMPLICIT_RETAIN_SELF = YES;
				CLANG_WARN_OBJC_LITERAL_CONVERSION = YES;
				CLANG_WARN_OBJC_ROOT_CLASS = YES_ERROR;
				CLANG_WARN_QUOTED_INCLUDE_IN_FRAMEWORK_HEADER = YES;
				CLANG_WARN_RANGE_LOOP_ANALYSIS = YES;
				CLANG_WARN_STRICT_PROTOTYPES = YES;
				CLANG_WARN_SUSPICIOUS_MOVE = YES;
				CLANG_WARN_UNGUARDED_AVAILABILITY = YES_AGGRESSIVE;
				CLANG_WARN_UNREACHABLE_CODE = YES;
				CLANG_WARN__DUPLICATE_METHOD_MATCH = YES;
				COPY_PHASE_STRIP = NO;
				DEBUG_INFORMATION_FORMAT = dwarf;
				ENABLE_STRICT_OBJC_MSGSEND = YES;
				ENABLE_TESTABILITY = YES;
				GCC_C_LANGUAGE_STANDARD = gnu11;
				GCC_DYNAMIC_NO_PIC = NO;
				GCC_NO_COMMON_BLOCKS = YES;
				GCC_OPTIMIZATION_LEVEL = 0;
				GCC_PREPROCESSOR_DEFINITIONS = (
					"DEBUG=1",
					"$(inherited)",
				);
				GCC_WARN_64_TO_32_BIT_CONVERSION = YES;
				GCC_WARN_ABOUT_RETURN_TYPE = YES_ERROR;
				GCC_WARN_UNDECLARED_SELECTOR = YES;
				GCC_WARN_UNINITIALIZED_AUTOS = YES_AGGRESSIVE;
				GCC_WARN_UNUSED_FUNCTION = YES;
				GCC_WARN_UNUSED_VARIABLE = YES;
				IPHONEOS_DEPLOYMENT_TARGET = 15.2;
				MTL_ENABLE_DEBUG_INFO = INCLUDE_SOURCE;
				MTL_FAST_MATH = YES;
				ONLY_ACTIVE_ARCH = YES;
				SDKROOT = iphoneos;
				SWIFT_ACTIVE_COMPILATION_CONDITIONS = DEBUG;
				SWIFT_OPTIMIZATION_LEVEL = "-Onone";
			};
			name = Debug;
		};
		8991164927AFEF3800FFDE93 /* Release */ = {
			isa = XCBuildConfiguration;
			buildSettings = {
				ALWAYS_SEARCH_USER_PATHS = NO;
				CLANG_ANALYZER_NONNULL = YES;
				CLANG_ANALYZER_NUMBER_OBJECT_CONVERSION = YES_AGGRESSIVE;
				CLANG_CXX_LANGUAGE_STANDARD = "gnu++17";
				CLANG_CXX_LIBRARY = "libc++";
				CLANG_ENABLE_MODULES = YES;
				CLANG_ENABLE_OBJC_ARC = YES;
				CLANG_ENABLE_OBJC_WEAK = YES;
				CLANG_WARN_BLOCK_CAPTURE_AUTORELEASING = YES;
				CLANG_WARN_BOOL_CONVERSION = YES;
				CLANG_WARN_COMMA = YES;
				CLANG_WARN_CONSTANT_CONVERSION = YES;
				CLANG_WARN_DEPRECATED_OBJC_IMPLEMENTATIONS = YES;
				CLANG_WARN_DIRECT_OBJC_ISA_USAGE = YES_ERROR;
				CLANG_WARN_DOCUMENTATION_COMMENTS = YES;
				CLANG_WARN_EMPTY_BODY = YES;
				CLANG_WARN_ENUM_CONVERSION = YES;
				CLANG_WARN_INFINITE_RECURSION = YES;
				CLANG_WARN_INT_CONVERSION = YES;
				CLANG_WARN_NON_LITERAL_NULL_CONVERSION = YES;
				CLANG_WARN_OBJC_IMPLICIT_RETAIN_SELF = YES;
				CLANG_WARN_OBJC_LITERAL_CONVERSION = YES;
				CLANG_WARN_OBJC_ROOT_CLASS = YES_ERROR;
				CLANG_WARN_QUOTED_INCLUDE_IN_FRAMEWORK_HEADER = YES;
				CLANG_WARN_RANGE_LOOP_ANALYSIS = YES;
				CLANG_WARN_STRICT_PROTOTYPES = YES;
				CLANG_WARN_SUSPICIOUS_MOVE = YES;
				CLANG_WARN_UNGUARDED_AVAILABILITY = YES_AGGRESSIVE;
				CLANG_WARN_UNREACHABLE_CODE = YES;
				CLANG_WARN__DUPLICATE_METHOD_MATCH = YES;
				COPY_PHASE_STRIP = NO;
				DEBUG_INFORMATION_FORMAT = "dwarf-with-dsym";
				ENABLE_NS_ASSERTIONS = NO;
				ENABLE_STRICT_OBJC_MSGSEND = YES;
				GCC_C_LANGUAGE_STANDARD = gnu11;
				GCC_NO_COMMON_BLOCKS = YES;
				GCC_WARN_64_TO_32_BIT_CONVERSION = YES;
				GCC_WARN_ABOUT_RETURN_TYPE = YES_ERROR;
				GCC_WARN_UNDECLARED_SELECTOR = YES;
				GCC_WARN_UNINITIALIZED_AUTOS = YES_AGGRESSIVE;
				GCC_WARN_UNUSED_FUNCTION = YES;
				GCC_WARN_UNUSED_VARIABLE = YES;
				IPHONEOS_DEPLOYMENT_TARGET = 15.2;
				MTL_ENABLE_DEBUG_INFO = NO;
				MTL_FAST_MATH = YES;
				SDKROOT = iphoneos;
				SWIFT_COMPILATION_MODE = wholemodule;
				SWIFT_OPTIMIZATION_LEVEL = "-O";
				VALIDATE_PRODUCT = YES;
			};
			name = Release;
		};
		8991164B27AFEF3800FFDE93 /* Debug */ = {
			isa = XCBuildConfiguration;
			buildSettings = {
				ASSETCATALOG_COMPILER_APPICON_NAME = AppIcon;
				ASSETCATALOG_COMPILER_GLOBAL_ACCENT_COLOR_NAME = AccentColor;
				CODE_SIGN_ENTITLEMENTS = AccordIOS/AccordIOS.entitlements;
				CODE_SIGN_STYLE = Automatic;
				CURRENT_PROJECT_VERSION = 1;
				DEVELOPMENT_ASSET_PATHS = "\"AccordIOS/Preview Content\"";
				DEVELOPMENT_TEAM = N36Z4HYRU9;
				ENABLE_PREVIEWS = YES;
				GENERATE_INFOPLIST_FILE = YES;
				INFOPLIST_FILE = AccordIOS/Info.plist;
				INFOPLIST_KEY_UIApplicationSceneManifest_Generation = YES;
				INFOPLIST_KEY_UIApplicationSupportsIndirectInputEvents = YES;
				INFOPLIST_KEY_UILaunchScreen_Generation = YES;
				INFOPLIST_KEY_UISupportedInterfaceOrientations = UIInterfaceOrientationPortrait;
				IPHONEOS_DEPLOYMENT_TARGET = 16.0;
				LD_RUNPATH_SEARCH_PATHS = (
					"$(inherited)",
					"@executable_path/Frameworks",
				);
				MARKETING_VERSION = 1.0;
				PRODUCT_BUNDLE_IDENTIFIER = com.superbro.AccordIOS;
				PRODUCT_NAME = "$(TARGET_NAME)";
				SWIFT_EMIT_LOC_STRINGS = YES;
				SWIFT_VERSION = 5.0;
				TARGETED_DEVICE_FAMILY = 1;
			};
			name = Debug;
		};
		8991164C27AFEF3800FFDE93 /* Release */ = {
			isa = XCBuildConfiguration;
			buildSettings = {
				ASSETCATALOG_COMPILER_APPICON_NAME = AppIcon;
				ASSETCATALOG_COMPILER_GLOBAL_ACCENT_COLOR_NAME = AccentColor;
				CODE_SIGN_ENTITLEMENTS = AccordIOS/AccordIOS.entitlements;
				CODE_SIGN_STYLE = Automatic;
				CURRENT_PROJECT_VERSION = 1;
				DEVELOPMENT_ASSET_PATHS = "\"AccordIOS/Preview Content\"";
				DEVELOPMENT_TEAM = N36Z4HYRU9;
				ENABLE_PREVIEWS = YES;
				GENERATE_INFOPLIST_FILE = YES;
				INFOPLIST_FILE = AccordIOS/Info.plist;
				INFOPLIST_KEY_UIApplicationSceneManifest_Generation = YES;
				INFOPLIST_KEY_UIApplicationSupportsIndirectInputEvents = YES;
				INFOPLIST_KEY_UILaunchScreen_Generation = YES;
				INFOPLIST_KEY_UISupportedInterfaceOrientations = UIInterfaceOrientationPortrait;
				IPHONEOS_DEPLOYMENT_TARGET = 16.0;
				LD_RUNPATH_SEARCH_PATHS = (
					"$(inherited)",
					"@executable_path/Frameworks",
				);
				MARKETING_VERSION = 1.0;
				PRODUCT_BUNDLE_IDENTIFIER = com.superbro.AccordIOS;
				PRODUCT_NAME = "$(TARGET_NAME)";
				SWIFT_EMIT_LOC_STRINGS = YES;
				SWIFT_VERSION = 5.0;
				TARGETED_DEVICE_FAMILY = 1;
			};
			name = Release;
		};
/* End XCBuildConfiguration section */

/* Begin XCConfigurationList section */
		8991163727AFEF3800FFDE93 /* Build configuration list for PBXProject "AccordIOS" */ = {
			isa = XCConfigurationList;
			buildConfigurations = (
				8991164827AFEF3800FFDE93 /* Debug */,
				8991164927AFEF3800FFDE93 /* Release */,
			);
			defaultConfigurationIsVisible = 0;
			defaultConfigurationName = Release;
		};
		8991164A27AFEF3800FFDE93 /* Build configuration list for PBXNativeTarget "AccordIOS" */ = {
			isa = XCConfigurationList;
			buildConfigurations = (
				8991164B27AFEF3800FFDE93 /* Debug */,
				8991164C27AFEF3800FFDE93 /* Release */,
			);
			defaultConfigurationIsVisible = 0;
			defaultConfigurationName = Release;
		};
/* End XCConfigurationList section */
	};
	rootObject = 8991163427AFEF3800FFDE93 /* Project object */;
}
